
Microsoft Visual Studio Solution File, Format Version 12.00
# Visual Studio Version 16
VisualStudioVersion = 16.0.32002.261
MinimumVisualStudioVersion = 10.0.40219.1
Project("{FAE04EC0-301F-11D3-BF4B-00C04F79EFBC}") = "textcounter", "textcounter.csproj", "{1594644B-1908-44DC-916B-D8E6C3E37BF7}"
EndProject
Project("{FAE04EC0-301F-11D3-BF4B-00C04F79EFBC}") = "textcountertest", "..\textcountertest\textcountertest.csproj", "{C3404A27-C295-4FCD-9363-C2091AA8AE8E}"
EndProject
Global
	GlobalSection(SolutionConfigurationPlatforms) = preSolution
		Debug|Any CPU = Debug|Any CPU
		Release|Any CPU = Release|Any CPU
	EndGlobalSection
	GlobalSection(ProjectConfigurationPlatforms) = postSolution
		{1594644B-1908-44DC-916B-D8E6C3E37BF7}.Debug|Any CPU.ActiveCfg = Debug|Any CPU
		{1594644B-1908-44DC-916B-D8E6C3E37BF7}.Debug|Any CPU.Build.0 = Debug|Any CPU
		{1594644B-1908-44DC-916B-D8E6C3E37BF7}.Release|Any CPU.ActiveCfg = Release|Any CPU
		{1594644B-1908-44DC-916B-D8E6C3E37BF7}.Release|Any CPU.Build.0 = Release|Any CPU
		{C3404A27-C295-4FCD-9363-C2091AA8AE8E}.Debug|Any CPU.ActiveCfg = Debug|Any CPU
		{C3404A27-C295-4FCD-9363-C2091AA8AE8E}.Debug|Any CPU.Build.0 = Debug|Any CPU
		{C3404A27-C295-4FCD-9363-C2091AA8AE8E}.Release|Any CPU.ActiveCfg = Release|Any CPU
		{C3404A27-C295-4FCD-9363-C2091AA8AE8E}.Release|Any CPU.Build.0 = Release|Any CPU
	EndGlobalSection
	GlobalSection(SolutionProperties) = preSolution
		HideSolutionNode = FALSE
	EndGlobalSection
	GlobalSection(ExtensibilityGlobals) = postSolution
		SolutionGuid = {AF1EAFD0-E31C-41C2-9AB7-FC65CDEF72AF}
	EndGlobalSection
EndGlobal
